
Microsoft Visual Studio Solution File, Format Version 12.00
# Visual Studio 15
VisualStudioVersion = 15.0.28307.572
MinimumVisualStudioVersion = 10.0.40219.1
Project("{FAE04EC0-301F-11D3-BF4B-00C04F79EFBC}") = "App408.Android", "App408\App408.Android\App408.Android.csproj", "{17801A12-730E-444C-BC69-E32ED01DF045}"
EndProject
Project("{FAE04EC0-301F-11D3-BF4B-00C04F79EFBC}") = "App408.iOS", "App408\App408.iOS\App408.iOS.csproj", "{65E7685D-57A2-4EE7-80C4-F66602055133}"
EndProject
Project("{FAE04EC0-301F-11D3-BF4B-00C04F79EFBC}") = "App408", "App408\App408\App408.csproj", "{58421E2B-2AD4-4CC4-8542-43BBF6B9D19B}"
EndProject
Global
	GlobalSection(SolutionConfigurationPlatforms) = preSolution
		Ad-Hoc|Any CPU = Ad-Hoc|Any CPU
		Ad-Hoc|iPhone = Ad-Hoc|iPhone
		Ad-Hoc|iPhoneSimulator = Ad-Hoc|iPhoneSimulator
		AppStore|Any CPU = AppStore|Any CPU
		AppStore|iPhone = AppStore|iPhone
		AppStore|iPhoneSimulator = AppStore|iPhoneSimulator
		Debug|Any CPU = Debug|Any CPU
		Debug|iPhone = Debug|iPhone
		Debug|iPhoneSimulator = Debug|iPhoneSimulator
		Release|Any CPU = Release|Any CPU
		Release|iPhone = Release|iPhone
		Release|iPhoneSimulator = Release|iPhoneSimulator
	EndGlobalSection
	GlobalSection(ProjectConfigurationPlatforms) = postSolution
		{17801A12-730E-444C-BC69-E32ED01DF045}.Ad-Hoc|Any CPU.ActiveCfg = Release|Any CPU
		{17801A12-730E-444C-BC69-E32ED01DF045}.Ad-Hoc|Any CPU.Build.0 = Release|Any CPU
		{17801A12-730E-444C-BC69-E32ED01DF045}.Ad-Hoc|Any CPU.Deploy.0 = Release|Any CPU
		{17801A12-730E-444C-BC69-E32ED01DF045}.Ad-Hoc|iPhone.ActiveCfg = Release|Any CPU
		{17801A12-730E-444C-BC69-E32ED01DF045}.Ad-Hoc|iPhone.Build.0 = Release|Any CPU
		{17801A12-730E-444C-BC69-E32ED01DF045}.Ad-Hoc|iPhone.Deploy.0 = Release|Any CPU
		{17801A12-730E-444C-BC69-E32ED01DF045}.Ad-Hoc|iPhoneSimulator.ActiveCfg = Release|Any CPU
		{17801A12-730E-444C-BC69-E32ED01DF045}.Ad-Hoc|iPhoneSimulator.Build.0 = Release|Any CPU
		{17801A12-730E-444C-BC69-E32ED01DF045}.Ad-Hoc|iPhoneSimulator.Deploy.0 = Release|Any CPU
		{17801A12-730E-444C-BC69-E32ED01DF045}.AppStore|Any CPU.ActiveCfg = Release|Any CPU
		{17801A12-730E-444C-BC69-E32ED01DF045}.AppStore|Any CPU.Build.0 = Release|Any CPU
		{17801A12-730E-444C-BC69-E32ED01DF045}.AppStore|Any CPU.Deploy.0 = Release|Any CPU
		{17801A12-730E-444C-BC69-E32ED01DF045}.AppStore|iPhone.ActiveCfg = Release|Any CPU
		{17801A12-730E-444C-BC69-E32ED01DF045}.AppStore|iPhone.Build.0 = Release|Any CPU
		{17801A12-730E-444C-BC69-E32ED01DF045}.AppStore|iPhone.Deploy.0 = Release|Any CPU
		{17801A12-730E-444C-BC69-E32ED01DF045}.AppStore|iPhoneSimulator.ActiveCfg = Release|Any CPU
		{17801A12-730E-444C-BC69-E32ED01DF045}.AppStore|iPhoneSimulator.Build.0 = Release|Any CPU
		{17801A12-730E-444C-BC69-E32ED01DF045}.AppStore|iPhoneSimulator.Deploy.0 = Release|Any CPU
		{17801A12-730E-444C-BC69-E32ED01DF045}.Debug|Any CPU.ActiveCfg = Debug|Any CPU
		{17801A12-730E-444C-BC69-E32ED01DF045}.Debug|Any CPU.Build.0 = Debug|Any CPU
		{17801A12-730E-444C-BC69-E32ED01DF045}.Debug|Any CPU.Deploy.0 = Debug|Any CPU
		{17801A12-730E-444C-BC69-E32ED01DF045}.Debug|iPhone.ActiveCfg = Debug|Any CPU
		{17801A12-730E-444C-BC69-E32ED01DF045}.Debug|iPhone.Build.0 = Debug|Any CPU
		{17801A12-730E-444C-BC69-E32ED01DF045}.Debug|iPhone.Deploy.0 = Debug|Any CPU
		{17801A12-730E-444C-BC69-E32ED01DF045}.Debug|iPhoneSimulator.ActiveCfg = Debug|Any CPU
		{17801A12-730E-444C-BC69-E32ED01DF045}.Debug|iPhoneSimulator.Build.0 = Debug|Any CPU
		{17801A12-730E-444C-BC69-E32ED01DF045}.Debug|iPhoneSimulator.Deploy.0 = Debug|Any CPU
		{17801A12-730E-444C-BC69-E32ED01DF045}.Release|Any CPU.ActiveCfg = Release|Any CPU
		{17801A12-730E-444C-BC69-E32ED01DF045}.Release|Any CPU.Build.0 = Release|Any CPU
		{17801A12-730E-444C-BC69-E32ED01DF045}.Release|Any CPU.Deploy.0 = Release|Any CPU
		{17801A12-730E-444C-BC69-E32ED01DF045}.Release|iPhone.ActiveCfg = Release|Any CPU
		{17801A12-730E-444C-BC69-E32ED01DF045}.Release|iPhone.Build.0 = Release|Any CPU
		{17801A12-730E-444C-BC69-E32ED01DF045}.Release|iPhone.Deploy.0 = Release|Any CPU
		{17801A12-730E-444C-BC69-E32ED01DF045}.Release|iPhoneSimulator.ActiveCfg = Release|Any CPU
		{17801A12-730E-444C-BC69-E32ED01DF045}.Release|iPhoneSimulator.Build.0 = Release|Any CPU
		{17801A12-730E-444C-BC69-E32ED01DF045}.Release|iPhoneSimulator.Deploy.0 = Release|Any CPU
		{65E7685D-57A2-4EE7-80C4-F66602055133}.Ad-Hoc|Any CPU.ActiveCfg = Ad-Hoc|iPhone
		{65E7685D-57A2-4EE7-80C4-F66602055133}.Ad-Hoc|Any CPU.Build.0 = Ad-Hoc|iPhone
		{65E7685D-57A2-4EE7-80C4-F66602055133}.Ad-Hoc|Any CPU.Deploy.0 = Ad-Hoc|iPhone
		{65E7685D-57A2-4EE7-80C4-F66602055133}.Ad-Hoc|iPhone.ActiveCfg = Ad-Hoc|iPhone
		{65E7685D-57A2-4EE7-80C4-F66602055133}.Ad-Hoc|iPhone.Build.0 = Ad-Hoc|iPhone
		{65E7685D-57A2-4EE7-80C4-F66602055133}.Ad-Hoc|iPhone.Deploy.0 = Ad-Hoc|iPhone
		{65E7685D-57A2-4EE7-80C4-F66602055133}.Ad-Hoc|iPhoneSimulator.ActiveCfg = Ad-Hoc|iPhoneSimulator
		{65E7685D-57A2-4EE7-80C4-F66602055133}.Ad-Hoc|iPhoneSimulator.Build.0 = Ad-Hoc|iPhoneSimulator
		{65E7685D-57A2-4EE7-80C4-F66602055133}.Ad-Hoc|iPhoneSimulator.Deploy.0 = Ad-Hoc|iPhoneSimulator
		{65E7685D-57A2-4EE7-80C4-F66602055133}.AppStore|Any CPU.ActiveCfg = AppStore|iPhone
		{65E7685D-57A2-4EE7-80C4-F66602055133}.AppStore|Any CPU.Build.0 = AppStore|iPhone
		{65E7685D-57A2-4EE7-80C4-F66602055133}.AppStore|Any CPU.Deploy.0 = AppStore|iPhone
		{65E7685D-57A2-4EE7-80C4-F66602055133}.AppStore|iPhone.ActiveCfg = AppStore|iPhone
		{65E7685D-57A2-4EE7-80C4-F66602055133}.AppStore|iPhone.Build.0 = AppStore|iPhone
		{65E7685D-57A2-4EE7-80C4-F66602055133}.AppStore|iPhone.Deploy.0 = AppStore|iPhone
		{65E7685D-57A2-4EE7-80C4-F66602055133}.AppStore|iPhoneSimulator.ActiveCfg = AppStore|iPhoneSimulator
		{65E7685D-57A2-4EE7-80C4-F66602055133}.AppStore|iPhoneSimulator.Build.0 = AppStore|iPhoneSimulator
		{65E7685D-57A2-4EE7-80C4-F66602055133}.AppStore|iPhoneSimulator.Deploy.0 = AppStore|iPhoneSimulator
		{65E7685D-57A2-4EE7-80C4-F66602055133}.Debug|Any CPU.ActiveCfg = Debug|iPhoneSimulator
		{65E7685D-57A2-4EE7-80C4-F66602055133}.Debug|Any CPU.Build.0 = Debug|iPhoneSimulator
		{65E7685D-57A2-4EE7-80C4-F66602055133}.Debug|Any CPU.Deploy.0 = Debug|iPhoneSimulator
		{65E7685D-57A2-4EE7-80C4-F66602055133}.Debug|iPhone.ActiveCfg = Debug|iPhone
		{65E7685D-57A2-4EE7-80C4-F66602055133}.Debug|iPhone.Build.0 = Debug|iPhone
		{65E7685D-57A2-4EE7-80C4-F66602055133}.Debug|iPhone.Deploy.0 = Debug|iPhone
		{65E7685D-57A2-4EE7-80C4-F66602055133}.Debug|iPhoneSimulator.ActiveCfg = Debug|iPhoneSimulator
		{65E7685D-57A2-4EE7-80C4-F66602055133}.Debug|iPhoneSimulator.Build.0 = Debug|iPhoneSimulator
		{65E7685D-57A2-4EE7-80C4-F66602055133}.Debug|iPhoneSimulator.Deploy.0 = Debug|iPhoneSimulator
		{65E7685D-57A2-4EE7-80C4-F66602055133}.Release|Any CPU.ActiveCfg = Release|iPhone
		{65E7685D-57A2-4EE7-80C4-F66602055133}.Release|Any CPU.Build.0 = Release|iPhone
		{65E7685D-57A2-4EE7-80C4-F66602055133}.Release|Any CPU.Deploy.0 = Release|iPhone
		{65E7685D-57A2-4EE7-80C4-F66602055133}.Release|iPhone.ActiveCfg = Release|iPhone
		{65E7685D-57A2-4EE7-80C4-F66602055133}.Release|iPhone.Build.0 = Release|iPhone
		{65E7685D-57A2-4EE7-80C4-F66602055133}.Release|iPhone.Deploy.0 = Release|iPhone
		{65E7685D-57A2-4EE7-80C4-F66602055133}.Release|iPhoneSimulator.ActiveCfg = Release|iPhoneSimulator
		{65E7685D-57A2-4EE7-80C4-F66602055133}.Release|iPhoneSimulator.Build.0 = Release|iPhoneSimulator
		{65E7685D-57A2-4EE7-80C4-F66602055133}.Release|iPhoneSimulator.Deploy.0 = Release|iPhoneSimulator
		{58421E2B-2AD4-4CC4-8542-43BBF6B9D19B}.Ad-Hoc|Any CPU.ActiveCfg = Debug|Any CPU
		{58421E2B-2AD4-4CC4-8542-43BBF6B9D19B}.Ad-Hoc|Any CPU.Build.0 = Debug|Any CPU
		{58421E2B-2AD4-4CC4-8542-43BBF6B9D19B}.Ad-Hoc|Any CPU.Deploy.0 = Debug|Any CPU
		{58421E2B-2AD4-4CC4-8542-43BBF6B9D19B}.Ad-Hoc|iPhone.ActiveCfg = Debug|Any CPU
		{58421E2B-2AD4-4CC4-8542-43BBF6B9D19B}.Ad-Hoc|iPhone.Build.0 = Debug|Any CPU
		{58421E2B-2AD4-4CC4-8542-43BBF6B9D19B}.Ad-Hoc|iPhone.Deploy.0 = Debug|Any CPU
		{58421E2B-2AD4-4CC4-8542-43BBF6B9D19B}.Ad-Hoc|iPhoneSimulator.ActiveCfg = Debug|Any CPU
		{58421E2B-2AD4-4CC4-8542-43BBF6B9D19B}.Ad-Hoc|iPhoneSimulator.Build.0 = Debug|Any CPU
		{58421E2B-2AD4-4CC4-8542-43BBF6B9D19B}.Ad-Hoc|iPhoneSimulator.Deploy.0 = Debug|Any CPU
		{58421E2B-2AD4-4CC4-8542-43BBF6B9D19B}.AppStore|Any CPU.ActiveCfg = Debug|Any CPU
		{58421E2B-2AD4-4CC4-8542-43BBF6B9D19B}.AppStore|Any CPU.Build.0 = Debug|Any CPU
		{58421E2B-2AD4-4CC4-8542-43BBF6B9D19B}.AppStore|Any CPU.Deploy.0 = Debug|Any CPU
		{58421E2B-2AD4-4CC4-8542-43BBF6B9D19B}.AppStore|iPhone.ActiveCfg = Debug|Any CPU
		{58421E2B-2AD4-4CC4-8542-43BBF6B9D19B}.AppStore|iPhone.Build.0 = Debug|Any CPU
		{58421E2B-2AD4-4CC4-8542-43BBF6B9D19B}.AppStore|iPhone.Deploy.0 = Debug|Any CPU
		{58421E2B-2AD4-4CC4-8542-43BBF6B9D19B}.AppStore|iPhoneSimulator.ActiveCfg = Debug|Any CPU
		{58421E2B-2AD4-4CC4-8542-43BBF6B9D19B}.AppStore|iPhoneSimulator.Build.0 = Debug|Any CPU
		{58421E2B-2AD4-4CC4-8542-43BBF6B9D19B}.AppStore|iPhoneSimulator.Deploy.0 = Debug|Any CPU
		{58421E2B-2AD4-4CC4-8542-43BBF6B9D19B}.Debug|Any CPU.ActiveCfg = Debug|Any CPU
		{58421E2B-2AD4-4CC4-8542-43BBF6B9D19B}.Debug|Any CPU.Build.0 = Debug|Any CPU
		{58421E2B-2AD4-4CC4-8542-43BBF6B9D19B}.Debug|Any CPU.Deploy.0 = Debug|Any CPU
		{58421E2B-2AD4-4CC4-8542-43BBF6B9D19B}.Debug|iPhone.ActiveCfg = Debug|Any CPU
		{58421E2B-2AD4-4CC4-8542-43BBF6B9D19B}.Debug|iPhone.Build.0 = Debug|Any CPU
		{58421E2B-2AD4-4CC4-8542-43BBF6B9D19B}.Debug|iPhone.Deploy.0 = Debug|Any CPU
		{58421E2B-2AD4-4CC4-8542-43BBF6B9D19B}.Debug|iPhoneSimulator.ActiveCfg = Debug|Any CPU
		{58421E2B-2AD4-4CC4-8542-43BBF6B9D19B}.Debug|iPhoneSimulator.Build.0 = Debug|Any CPU
		{58421E2B-2AD4-4CC4-8542-43BBF6B9D19B}.Debug|iPhoneSimulator.Deploy.0 = Debug|Any CPU
		{58421E2B-2AD4-4CC4-8542-43BBF6B9D19B}.Release|Any CPU.ActiveCfg = Release|Any CPU
		{58421E2B-2AD4-4CC4-8542-43BBF6B9D19B}.Release|Any CPU.Build.0 = Release|Any CPU
		{58421E2B-2AD4-4CC4-8542-43BBF6B9D19B}.Release|Any CPU.Deploy.0 = Release|Any CPU
		{58421E2B-2AD4-4CC4-8542-43BBF6B9D19B}.Release|iPhone.ActiveCfg = Release|Any CPU
		{58421E2B-2AD4-4CC4-8542-43BBF6B9D19B}.Release|iPhone.Build.0 = Release|Any CPU
		{58421E2B-2AD4-4CC4-8542-43BBF6B9D19B}.Release|iPhone.Deploy.0 = Release|Any CPU
		{58421E2B-2AD4-4CC4-8542-43BBF6B9D19B}.Release|iPhoneSimulator.ActiveCfg = Release|Any CPU
		{58421E2B-2AD4-4CC4-8542-43BBF6B9D19B}.Release|iPhoneSimulator.Build.0 = Release|Any CPU
		{58421E2B-2AD4-4CC4-8542-43BBF6B9D19B}.Release|iPhoneSimulator.Deploy.0 = Release|Any CPU
	EndGlobalSection
	GlobalSection(SolutionProperties) = preSolution
		HideSolutionNode = FALSE
	EndGlobalSection
	GlobalSection(ExtensibilityGlobals) = postSolution
		SolutionGuid = {C2EC84B0-570A-44BA-88B9-DA0AF7A906AE}
	EndGlobalSection
EndGlobal
